
Microsoft Visual Studio Solution File, Format Version 12.00
# Visual Studio Version 17
VisualStudioVersion = 17.9.34714.143
MinimumVisualStudioVersion = 10.0.40219.1
Project("{FAE04EC0-301F-11D3-BF4B-00C04F79EFBC}") = "RestoEnsa", "RestoEnsa\RestoEnsa.csproj", "{B394550B-9EE8-4B22-9C0E-F5DBE30A3AED}"
EndProject
Global
	GlobalSection(SolutionConfigurationPlatforms) = preSolution
		Debug|Any CPU = Debug|Any CPU
		Release|Any CPU = Release|Any CPU
	EndGlobalSection
	GlobalSection(ProjectConfigurationPlatforms) = postSolution
		{B394550B-9EE8-4B22-9C0E-F5DBE30A3AED}.Debug|Any CPU.ActiveCfg = Debug|Any CPU
		{B394550B-9EE8-4B22-9C0E-F5DBE30A3AED}.Debug|Any CPU.Build.0 = Debug|Any CPU
		{B394550B-9EE8-4B22-9C0E-F5DBE30A3AED}.Release|Any CPU.ActiveCfg = Release|Any CPU
		{B394550B-9EE8-4B22-9C0E-F5DBE30A3AED}.Release|Any CPU.Build.0 = Release|Any CPU
	EndGlobalSection
	GlobalSection(SolutionProperties) = preSolution
		HideSolutionNode = FALSE
	EndGlobalSection
	GlobalSection(ExtensibilityGlobals) = postSolution
		SolutionGuid = {6900F08A-AA36-4727-B079-4E108AF8562D}
	EndGlobalSection
EndGlobal
